
Microsoft Visual Studio Solution File, Format Version 12.00
# Visual Studio Version 17
VisualStudioVersion = 17.1.32228.430
MinimumVisualStudioVersion = 10.0.40219.1
Project("{FAE04EC0-301F-11D3-BF4B-00C04F79EFBC}") = "media", "media\media.csproj", "{7227E9FC-7D0B-4B9F-9FBD-94D866EDADA3}"
EndProject
Global
	GlobalSection(SolutionConfigurationPlatforms) = preSolution
		Debug|Any CPU = Debug|Any CPU
		Release|Any CPU = Release|Any CPU
	EndGlobalSection
	GlobalSection(ProjectConfigurationPlatforms) = postSolution
		{7227E9FC-7D0B-4B9F-9FBD-94D866EDADA3}.Debug|Any CPU.ActiveCfg = Debug|Any CPU
		{7227E9FC-7D0B-4B9F-9FBD-94D866EDADA3}.Debug|Any CPU.Build.0 = Debug|Any CPU
		{7227E9FC-7D0B-4B9F-9FBD-94D866EDADA3}.Release|Any CPU.ActiveCfg = Release|Any CPU
		{7227E9FC-7D0B-4B9F-9FBD-94D866EDADA3}.Release|Any CPU.Build.0 = Release|Any CPU
	EndGlobalSection
	GlobalSection(SolutionProperties) = preSolution
		HideSolutionNode = FALSE
	EndGlobalSection
	GlobalSection(ExtensibilityGlobals) = postSolution
		SolutionGuid = {18B45C7C-71D0-4CCB-9C38-DE81A6952266}
	EndGlobalSection
EndGlobal
